// !$*UTF8*$!
{
	archiveVersion = 1;
	classes = {
	};
	objectVersion = 46;
	objects = {

/* Begin PBXBuildFile section */
		F751AB951ADB953400D43F6F /* AppDelegate.swift in Sources */ = {isa = PBXBuildFile; fileRef = F751AB941ADB953400D43F6F /* AppDelegate.swift */; };
		F751AB971ADB953400D43F6F /* ViewController.swift in Sources */ = {isa = PBXBuildFile; fileRef = F751AB961ADB953400D43F6F /* ViewController.swift */; };
		F751AB9A1ADB953400D43F6F /* Main.storyboard in Resources */ = {isa = PBXBuildFile; fileRef = F751AB981ADB953400D43F6F /* Main.storyboard */; };
		F751AB9C1ADB953400D43F6F /* Images.xcassets in Resources */ = {isa = PBXBuildFile; fileRef = F751AB9B1ADB953400D43F6F /* Images.xcassets */; };
		F751AB9F1ADB953400D43F6F /* LaunchScreen.xib in Resources */ = {isa = PBXBuildFile; fileRef = F751AB9D1ADB953400D43F6F /* LaunchScreen.xib */; };
		F751ABAB1ADB953400D43F6F /* RottenTomatosTests.swift in Sources */ = {isa = PBXBuildFile; fileRef = F751ABAA1ADB953400D43F6F /* RottenTomatosTests.swift */; };
/* End PBXBuildFile section */

/* Begin PBXContainerItemProxy section */
		F751ABA51ADB953400D43F6F /* PBXContainerItemProxy */ = {
			isa = PBXContainerItemProxy;
			containerPortal = F751AB871ADB953400D43F6F /* Project object */;
			proxyType = 1;
			remoteGlobalIDString = F751AB8E1ADB953400D43F6F;
			remoteInfo = RottenTomatos;
		};
/* End PBXContainerItemProxy section */

/* Begin PBXFileReference section */
		F751AB8F1ADB953400D43F6F /* RottenTomatos.app */ = {isa = PBXFileReference; explicitFileType = wrapper.application; includeInIndex = 0; path = RottenTomatos.app; sourceTree = BUILT_PRODUCTS_DIR; };
		F751AB931ADB953400D43F6F /* Info.plist */ = {isa = PBXFileReference; lastKnownFileType = text.plist.xml; path = Info.plist; sourceTree = "<group>"; };
		F751AB941ADB953400D43F6F /* AppDelegate.swift */ = {isa = PBXFileReference; lastKnownFileType = sourcecode.swift; path = AppDelegate.swift; sourceTree = "<group>"; };
		F751AB961ADB953400D43F6F /* ViewController.swift */ = {isa = PBXFileReference; lastKnownFileType = sourcecode.swift; path = ViewController.swift; sourceTree = "<group>"; };
		F751AB991ADB953400D43F6F /* Base */ = {isa = PBXFileReference; lastKnownFileType = file.storyboard; name = Base; path = Base.lproj/Main.storyboard; sourceTree = "<group>"; };
		F751AB9B1ADB953400D43F6F /* Images.xcassets */ = {isa = PBXFileReference; lastKnownFileType = folder.assetcatalog; path = Images.xcassets; sourceTree = "<group>"; };
		F751AB9E1ADB953400D43F6F /* Base */ = {isa = PBXFileReference; lastKnownFileType = file.xib; name = Base; path = Base.lproj/LaunchScreen.xib; sourceTree = "<group>"; };
		F751ABA41ADB953400D43F6F /* RottenTomatosTests.xctest */ = {isa = PBXFileReference; explicitFileType = wrapper.cfbundle; includeInIndex = 0; path = RottenTomatosTests.xctest; sourceTree = BUILT_PRODUCTS_DIR; };
		F751ABA91ADB953400D43F6F /* Info.plist */ = {isa = PBXFileReference; lastKnownFileType = text.plist.xml; path = Info.plist; sourceTree = "<group>"; };
		F751ABAA1ADB953400D43F6F /* RottenTomatosTests.swift */ = {isa = PBXFileReference; lastKnownFileType = sourcecode.swift; path = RottenTomatosTests.swift; sourceTree = "<group>"; };
/* End PBXFileReference section */

/* Begin PBXFrameworksBuildPhase section */
		F751AB8C1ADB953400D43F6F /* Frameworks */ = {
			isa = PBXFrameworksBuildPhase;
			buildActionMask = 2147483647;
			files = (
			);
			runOnlyForDeploymentPostprocessing = 0;
		};
		F751ABA11ADB953400D43F6F /* Frameworks */ = {
			isa = PBXFrameworksBuildPhase;
			buildActionMask = 2147483647;
			files = (
			);
			runOnlyForDeploymentPostprocessing = 0;
		};
/* End PBXFrameworksBuildPhase section */

/* Begin PBXGroup section */
		F751AB861ADB953400D43F6F = {
			isa = PBXGroup;
			children = (
				F751AB911ADB953400D43F6F /* RottenTomatos */,
				F751ABA71ADB953400D43F6F /* RottenTomatosTests */,
				F751AB901ADB953400D43F6F /* Products */,
			);
			sourceTree = "<group>";
		};
		F751AB901ADB953400D43F6F /* Products */ = {
			isa = PBXGroup;
			children = (
				F751AB8F1ADB953400D43F6F /* RottenTomatos.app */,
				F751ABA41ADB953400D43F6F /* RottenTomatosTests.xctest */,
			);
			name = Products;
			sourceTree = "<group>";
		};
		F751AB911ADB953400D43F6F /* RottenTomatos */ = {
			isa = PBXGroup;
			children = (
				F751AB941ADB953400D43F6F /* AppDelegate.swift */,
				F751AB961ADB953400D43F6F /* ViewController.swift */,
				F751AB981ADB953400D43F6F /* Main.storyboard */,
				F751AB9B1ADB953400D43F6F /* Images.xcassets */,
				F751AB9D1ADB953400D43F6F /* LaunchScreen.xib */,
				F751AB921ADB953400D43F6F /* Supporting Files */,
			);
			path = RottenTomatos;
			sourceTree = "<group>";
		};
		F751AB921ADB953400D43F6F /* Supporting Files */ = {
			isa = PBXGroup;
			children = (
				F751AB931ADB953400D43F6F /* Info.plist */,
			);
			name = "Supporting Files";
			sourceTree = "<group>";
		};
		F751ABA71ADB953400D43F6F /* RottenTomatosTests */ = {
			isa = PBXGroup;
			children = (
				F751ABAA1ADB953400D43F6F /* RottenTomatosTests.swift */,
				F751ABA81ADB953400D43F6F /* Supporting Files */,
			);
			path = RottenTomatosTests;
			sourceTree = "<group>";
		};
		F751ABA81ADB953400D43F6F /* Supporting Files */ = {
			isa = PBXGroup;
			children = (
				F751ABA91ADB953400D43F6F /* Info.plist */,
			);
			name = "Supporting Files";
			sourceTree = "<group>";
		};
/* End PBXGroup section */

/* Begin PBXNativeTarget section */
		F751AB8E1ADB953400D43F6F /* RottenTomatos */ = {
			isa = PBXNativeTarget;
			buildConfigurationList = F751ABAE1ADB953400D43F6F /* Build configuration list for PBXNativeTarget "RottenTomatos" */;
			buildPhases = (
				F751AB8B1ADB953400D43F6F /* Sources */,
				F751AB8C1ADB953400D43F6F /* Frameworks */,
				F751AB8D1ADB953400D43F6F /* Resources */,
			);
			buildRules = (
			);
			dependencies = (
			);
			name = RottenTomatos;
			productName = RottenTomatos;
			productReference = F751AB8F1ADB953400D43F6F /* RottenTomatos.app */;
			productType = "com.apple.product-type.application";
		};
		F751ABA31ADB953400D43F6F /* RottenTomatosTests */ = {
			isa = PBXNativeTarget;
			buildConfigurationList = F751ABB11ADB953400D43F6F /* Build configuration list for PBXNativeTarget "RottenTomatosTests" */;
			buildPhases = (
				F751ABA01ADB953400D43F6F /* Sources */,
				F751ABA11ADB953400D43F6F /* Frameworks */,
				F751ABA21ADB953400D43F6F /* Resources */,
			);
			buildRules = (
			);
			dependencies = (
				F751ABA61ADB953400D43F6F /* PBXTargetDependency */,
			);
			name = RottenTomatosTests;
			productName = RottenTomatosTests;
			productReference = F751ABA41ADB953400D43F6F /* RottenTomatosTests.xctest */;
			productType = "com.apple.product-type.bundle.unit-test";
		};
/* End PBXNativeTarget section */

/* Begin PBXProject section */
		F751AB871ADB953400D43F6F /* Project object */ = {
			isa = PBXProject;
			attributes = {
				LastUpgradeCheck = 0630;
				ORGANIZATIONNAME = "Silicon Valley Insight";
				TargetAttributes = {
					F751AB8E1ADB953400D43F6F = {
						CreatedOnToolsVersion = 6.3;
					};
					F751ABA31ADB953400D43F6F = {
						CreatedOnToolsVersion = 6.3;
						TestTargetID = F751AB8E1ADB953400D43F6F;
					};
				};
			};
			buildConfigurationList = F751AB8A1ADB953400D43F6F /* Build configuration list for PBXProject "RottenTomatos" */;
			compatibilityVersion = "Xcode 3.2";
			developmentRegion = English;
			hasScannedForEncodings = 0;
			knownRegions = (
				en,
				Base,
			);
			mainGroup = F751AB861ADB953400D43F6F;
			productRefGroup = F751AB901ADB953400D43F6F /* Products */;
			projectDirPath = "";
			projectRoot = "";
			targets = (
				F751AB8E1ADB953400D43F6F /* RottenTomatos */,
				F751ABA31ADB953400D43F6F /* RottenTomatosTests */,
			);
		};
/* End PBXProject section */

/* Begin PBXResourcesBuildPhase section */
		F751AB8D1ADB953400D43F6F /* Resources */ = {
			isa = PBXResourcesBuildPhase;
			buildActionMask = 2147483647;
			files = (
				F751AB9A1ADB953400D43F6F /* Main.storyboard in Resources */,
				F751AB9F1ADB953400D43F6F /* LaunchScreen.xib in Resources */,
				F751AB9C1ADB953400D43F6F /* Images.xcassets in Resources */,
			);
			runOnlyForDeploymentPostprocessing = 0;
		};
		F751ABA21ADB953400D43F6F /* Resources */ = {
			isa = PBXResourcesBuildPhase;
			buildActionMask = 2147483647;
			files = (
			);
			runOnlyForDeploymentPostprocessing = 0;
		};
/* End PBXResourcesBuildPhase section */

/* Begin PBXSourcesBuildPhase section */
		F751AB8B1ADB953400D43F6F /* Sources */ = {
			isa = PBXSourcesBuildPhase;
			buildActionMask = 2147483647;
			files = (
				F751AB971ADB953400D43F6F /* ViewController.swift in Sources */,
				F751AB951ADB953400D43F6F /* AppDelegate.swift in Sources */,
			);
			runOnlyForDeploymentPostprocessing = 0;
		};
		F751ABA01ADB953400D43F6F /* Sources */ = {
			isa = PBXSourcesBuildPhase;
			buildActionMask = 2147483647;
			files = (
				F751ABAB1ADB953400D43F6F /* RottenTomatosTests.swift in Sources */,
			);
			runOnlyForDeploymentPostprocessing = 0;
		};
/* End PBXSourcesBuildPhase section */

/* Begin PBXTargetDependency section */
		F751ABA61ADB953400D43F6F /* PBXTargetDependency */ = {
			isa = PBXTargetDependency;
			target = F751AB8E1ADB953400D43F6F /* RottenTomatos */;
			targetProxy = F751ABA51ADB953400D43F6F /* PBXContainerItemProxy */;
		};
/* End PBXTargetDependency section */

/* Begin PBXVariantGroup section */
		F751AB981ADB953400D43F6F /* Main.storyboard */ = {
			isa = PBXVariantGroup;
			children = (
				F751AB991ADB953400D43F6F /* Base */,
			);
			name = Main.storyboard;
			sourceTree = "<group>";
		};
		F751AB9D1ADB953400D43F6F /* LaunchScreen.xib */ = {
			isa = PBXVariantGroup;
			children = (
				F751AB9E1ADB953400D43F6F /* Base */,
			);
			name = LaunchScreen.xib;
			sourceTree = "<group>";
		};
/* End PBXVariantGroup section */

/* Begin XCBuildConfiguration section */
		F751ABAC1ADB953400D43F6F /* Debug */ = {
			isa = XCBuildConfiguration;
			buildSettings = {
				ALWAYS_SEARCH_USER_PATHS = NO;
				CLANG_CXX_LANGUAGE_STANDARD = "gnu++0x";
				CLANG_CXX_LIBRARY = "libc++";
				CLANG_ENABLE_MODULES = YES;
				CLANG_ENABLE_OBJC_ARC = YES;
				CLANG_WARN_BOOL_CONVERSION = YES;
				CLANG_WARN_CONSTANT_CONVERSION = YES;
				CLANG_WARN_DIRECT_OBJC_ISA_USAGE = YES_ERROR;
				CLANG_WARN_EMPTY_BODY = YES;
				CLANG_WARN_ENUM_CONVERSION = YES;
				CLANG_WARN_INT_CONVERSION = YES;
				CLANG_WARN_OBJC_ROOT_CLASS = YES_ERROR;
				CLANG_WARN_UNREACHABLE_CODE = YES;
				CLANG_WARN__DUPLICATE_METHOD_MATCH = YES;
				"CODE_SIGN_IDENTITY[sdk=iphoneos*]" = "iPhone Developer";
				COPY_PHASE_STRIP = NO;
				DEBUG_INFORMATION_FORMAT = "dwarf-with-dsym";
				ENABLE_STRICT_OBJC_MSGSEND = YES;
				GCC_C_LANGUAGE_STANDARD = gnu99;
				GCC_DYNAMIC_NO_PIC = NO;
				GCC_NO_COMMON_BLOCKS = YES;
				GCC_OPTIMIZATION_LEVEL = 0;
				GCC_PREPROCESSOR_DEFINITIONS = (
					"DEBUG=1",
					"$(inherited)",
				);
				GCC_SYMBOLS_PRIVATE_EXTERN = NO;
				GCC_WARN_64_TO_32_BIT_CONVERSION = YES;
				GCC_WARN_ABOUT_RETURN_TYPE = YES_ERROR;
				GCC_WARN_UNDECLARED_SELECTOR = YES;
				GCC_WARN_UNINITIALIZED_AUTOS = YES_AGGRESSIVE;
				GCC_WARN_UNUSED_FUNCTION = YES;
				GCC_WARN_UNUSED_VARIABLE = YES;
				IPHONEOS_DEPLOYMENT_TARGET = 8.3;
				MTL_ENABLE_DEBUG_INFO = YES;
				ONLY_ACTIVE_ARCH = YES;
				SDKROOT = iphoneos;
				SWIFT_OPTIMIZATION_LEVEL = "-Onone";
				TARGETED_DEVICE_FAMILY = "1,2";
			};
			name = Debug;
		};
		F751ABAD1ADB953400D43F6F /* Release */ = {
			isa = XCBuildConfiguration;
			buildSettings = {
				ALWAYS_SEARCH_USER_PATHS = NO;
				CLANG_CXX_LANGUAGE_STANDARD = "gnu++0x";
				CLANG_CXX_LIBRARY = "libc++";
				CLANG_ENABLE_MODULES = YES;
				CLANG_ENABLE_OBJC_ARC = YES;
				CLANG_WARN_BOOL_CONVERSION = YES;
				CLANG_WARN_CONSTANT_CONVERSION = YES;
				CLANG_WARN_DIRECT_OBJC_ISA_USAGE = YES_ERROR;
				CLANG_WARN_EMPTY_BODY = YES;
				CLANG_WARN_ENUM_CONVERSION = YES;
				CLANG_WARN_INT_CONVERSION = YES;
				CLANG_WARN_OBJC_ROOT_CLASS = YES_ERROR;
				CLANG_WARN_UNREACHABLE_CODE = YES;
				CLANG_WARN__DUPLICATE_METHOD_MATCH = YES;
				"CODE_SIGN_IDENTITY[sdk=iphoneos*]" = "iPhone Developer";
				COPY_PHASE_STRIP = NO;
				DEBUG_INFORMATION_FORMAT = "dwarf-with-dsym";
				ENABLE_NS_ASSERTIONS = NO;
				ENABLE_STRICT_OBJC_MSGSEND = YES;
				GCC_C_LANGUAGE_STANDARD = gnu99;
				GCC_NO_COMMON_BLOCKS = YES;
				GCC_WARN_64_TO_32_BIT_CONVERSION = YES;
				GCC_WARN_ABOUT_RETURN_TYPE = YES_ERROR;
				GCC_WARN_UNDECLARED_SELECTOR = YES;
				GCC_WARN_UNINITIALIZED_AUTOS = YES_AGGRESSIVE;
				GCC_WARN_UNUSED_FUNCTION = YES;
				GCC_WARN_UNUSED_VARIABLE = YES;
				IPHONEOS_DEPLOYMENT_TARGET = 8.3;
				MTL_ENABLE_DEBUG_INFO = NO;
				SDKROOT = iphoneos;
				TARGETED_DEVICE_FAMILY = "1,2";
				VALIDATE_PRODUCT = YES;
			};
			name = Release;
		};
		F751ABAF1ADB953400D43F6F /* Debug */ = {
			isa = XCBuildConfiguration;
			buildSettings = {
				ASSETCATALOG_COMPILER_APPICON_NAME = AppIcon;
				INFOPLIST_FILE = RottenTomatos/Info.plist;
				LD_RUNPATH_SEARCH_PATHS = "$(inherited) @executable_path/Frameworks";
				PRODUCT_NAME = "$(TARGET_NAME)";
			};
			name = Debug;
		};
		F751ABB01ADB953400D43F6F /* Release */ = {
			isa = XCBuildConfiguration;
			buildSettings = {
				ASSETCATALOG_COMPILER_APPICON_NAME = AppIcon;
				INFOPLIST_FILE = RottenTomatos/Info.plist;
				LD_RUNPATH_SEARCH_PATHS = "$(inherited) @executable_path/Frameworks";
				PRODUCT_NAME = "$(TARGET_NAME)";
			};
			name = Release;
		};
		F751ABB21ADB953400D43F6F /* Debug */ = {
			isa = XCBuildConfiguration;
			buildSettings = {
				BUNDLE_LOADER = "$(TEST_HOST)";
				FRAMEWORK_SEARCH_PATHS = (
					"$(SDKROOT)/Developer/Library/Frameworks",
					"$(inherited)",
				);
				GCC_PREPROCESSOR_DEFINITIONS = (
					"DEBUG=1",
					"$(inherited)",
				);
				INFOPLIST_FILE = RottenTomatosTests/Info.plist;
				LD_RUNPATH_SEARCH_PATHS = "$(inherited) @executable_path/Frameworks @loader_path/Frameworks";
				PRODUCT_NAME = "$(TARGET_NAME)";
				TEST_HOST = "$(BUILT_PRODUCTS_DIR)/RottenTomatos.app/RottenTomatos";
			};
			name = Debug;
		};
		F751ABB31ADB953400D43F6F /* Release */ = {
			isa = XCBuildConfiguration;
			buildSettings = {
				BUNDLE_LOADER = "$(TEST_HOST)";
				FRAMEWORK_SEARCH_PATHS = (
					"$(SDKROOT)/Developer/Library/Frameworks",
					"$(inherited)",
				);
				INFOPLIST_FILE = RottenTomatosTests/Info.plist;
				LD_RUNPATH_SEARCH_PATHS = "$(inherited) @executable_path/Frameworks @loader_path/Frameworks";
				PRODUCT_NAME = "$(TARGET_NAME)";
				TEST_HOST = "$(BUILT_PRODUCTS_DIR)/RottenTomatos.app/RottenTomatos";
			};
			name = Release;
		};
/* End XCBuildConfiguration section */

/* Begin XCConfigurationList section */
		F751AB8A1ADB953400D43F6F /* Build configuration list for PBXProject "RottenTomatos" */ = {
			isa = XCConfigurationList;
			buildConfigurations = (
				F751ABAC1ADB953400D43F6F /* Debug */,
				F751ABAD1ADB953400D43F6F /* Release */,
			);
			defaultConfigurationIsVisible = 0;
			defaultConfigurationName = Release;
		};
		F751ABAE1ADB953400D43F6F /* Build configuration list for PBXNativeTarget "RottenTomatos" */ = {
			isa = XCConfigurationList;
			buildConfigurations = (
				F751ABAF1ADB953400D43F6F /* Debug */,
				F751ABB01ADB953400D43F6F /* Release */,
			);
			defaultConfigurationIsVisible = 0;
		};
		F751ABB11ADB953400D43F6F /* Build configuration list for PBXNativeTarget "RottenTomatosTests" */ = {
			isa = XCConfigurationList;
			buildConfigurations = (
				F751ABB21ADB953400D43F6F /* Debug */,
				F751ABB31ADB953400D43F6F /* Release */,
			);
			defaultConfigurationIsVisible = 0;
		};
/* End XCConfigurationList section */
	};
	rootObject = F751AB871ADB953400D43F6F /* Project object */;
}
